<?xml version="1.0" encoding="utf-8"?>
<Project ToolsVersion="4.0" xmlns="http://schemas.microsoft.com/developer/msbuild/2003">
  <ItemGroup>
    <Filter Include="Source Files">
      <UniqueIdentifier>{146e9d0c-cea5-4d99-b5be-992a2b9e4172}</UniqueIdentifier>
      <Extensions>cpp;c;cxx;rc;def;r;odl;idl;hpj;bat</Extensions>
    </Filter>
    <Filter Include="Header Files">
      <UniqueIdentifier>{d7b59845-6281-4246-8fe8-75042f35fc83}</UniqueIdentifier>
      <Extensions>h;hpp;hxx;hm;inl</Extensions>
    </Filter>
    <Filter Include="Resource Files">
      <UniqueIdentifier>{1c42f4d8-8c96-41bf-9ee8-10e00f0cf681}</UniqueIdentifier>
      <Extensions>ico;cur;bmp;dlg;rc2;rct;bin;rgs;gif;jpg;jpeg;jpe</Extensions>
    </Filter>
  </ItemGroup>
  <ItemGroup>
    <ClCompile Include="chap1_2.cpp">
      <Filter>Source Files</Filter>
    </ClCompile>
    <ClCompile Include="chap1_2Doc.cpp">
      <Filter>Source Files</Filter>
    </ClCompile>
    <ClCompile Include="chap1_2View.cpp">
      <Filter>Source Files</Filter>
    </ClCompile>
    <ClCompile Include="MainFrm.cpp">
      <Filter>Source Files</Filter>
    </ClCompile>
    <ClCompile Include="StdAfx.cpp">
      <Filter>Source Files</Filter>
    </ClCompile>
  </ItemGroup>
  <ItemGroup>
    <ResourceCompile Include="chap1_2.rc">
      <Filter>Source Files</Filter>
    </ResourceCompile>
  </ItemGroup>
  <ItemGroup>
    <ClInclude Include="chap1_2.h">
      <Filter>Header Files</Filter>
    </ClInclude>
    <ClInclude Include="chap1_2Doc.h">
      <Filter>Header Files</Filter>
    </ClInclude>
    <ClInclude Include="chap1_2View.h">
      <Filter>Header Files</Filter>
    </ClInclude>
    <ClInclude Include="MainFrm.h">
      <Filter>Header Files</Filter>
    </ClInclude>
    <ClInclude Include="Resource.h">
      <Filter>Header Files</Filter>
    </ClInclude>
    <ClInclude Include="StdAfx.h">
      <Filter>Header Files</Filter>
    </ClInclude>
  </ItemGroup>
  <ItemGroup>
    <Image Include="res\buiding.bmp">
      <Filter>Resource Files</Filter>
    </Image>
    <Image Include="res\chap1_2.ico">
      <Filter>Resource Files</Filter>
    </Image>
    <Image Include="res\chap1_2Doc.ico">
      <Filter>Resource Files</Filter>
    </Image>
    <Image Include="res\face.bmp">
      <Filter>Resource Files</Filter>
    </Image>
    <Image Include="res\lena.bmp">
      <Filter>Resource Files</Filter>
    </Image>
    <Image Include="res\Toolbar.bmp">
      <Filter>Resource Files</Filter>
    </Image>
  </ItemGroup>
  <ItemGroup>
    <Text Include="ReadMe.txt" />
  </ItemGroup>
  <ItemGroup>
    <CustomBuild Include="res\chap1_2.rc2">
      <Filter>Resource Files</Filter>
    </CustomBuild>
  </ItemGroup>
</Project>